
Microsoft Visual Studio Solution File, Format Version 12.00
# Visual Studio 15
VisualStudioVersion = 15.0.28010.2046
MinimumVisualStudioVersion = 10.0.40219.1
Project("{888888A0-9F3D-457C-B088-3A5042F75D52}") = "Python-WordSeachII", "Python-WordSeachII.pyproj", "{CB1248B3-1B13-4BDC-BEE4-BEEA795ABC6E}"
EndProject
Global
	GlobalSection(SolutionConfigurationPlatforms) = preSolution
		Debug|Any CPU = Debug|Any CPU
		Release|Any CPU = Release|Any CPU
	EndGlobalSection
	GlobalSection(ProjectConfigurationPlatforms) = postSolution
		{CB1248B3-1B13-4BDC-BEE4-BEEA795ABC6E}.Debug|Any CPU.ActiveCfg = Debug|Any CPU
		{CB1248B3-1B13-4BDC-BEE4-BEEA795ABC6E}.Release|Any CPU.ActiveCfg = Release|Any CPU
	EndGlobalSection
	GlobalSection(SolutionProperties) = preSolution
		HideSolutionNode = FALSE
	EndGlobalSection
	GlobalSection(ExtensibilityGlobals) = postSolution
		SolutionGuid = {279408D2-3E35-45C2-B897-99A52C786E85}
	EndGlobalSection
EndGlobal
