
Microsoft Visual Studio Solution File, Format Version 12.00
# Visual Studio 15
VisualStudioVersion = 15.0.28010.2046
MinimumVisualStudioVersion = 10.0.40219.1
Project("{FAE04EC0-301F-11D3-BF4B-00C04F79EFBC}") = "MoveZeroes", "MoveZeroes.csproj", "{32FA8CBA-738D-4900-BC5E-5CB259DCA3FE}"
EndProject
Global
	GlobalSection(SolutionConfigurationPlatforms) = preSolution
		Debug|Any CPU = Debug|Any CPU
		Release|Any CPU = Release|Any CPU
	EndGlobalSection
	GlobalSection(ProjectConfigurationPlatforms) = postSolution
		{32FA8CBA-738D-4900-BC5E-5CB259DCA3FE}.Debug|Any CPU.ActiveCfg = Debug|Any CPU
		{32FA8CBA-738D-4900-BC5E-5CB259DCA3FE}.Debug|Any CPU.Build.0 = Debug|Any CPU
		{32FA8CBA-738D-4900-BC5E-5CB259DCA3FE}.Release|Any CPU.ActiveCfg = Release|Any CPU
		{32FA8CBA-738D-4900-BC5E-5CB259DCA3FE}.Release|Any CPU.Build.0 = Release|Any CPU
	EndGlobalSection
	GlobalSection(SolutionProperties) = preSolution
		HideSolutionNode = FALSE
	EndGlobalSection
	GlobalSection(ExtensibilityGlobals) = postSolution
		SolutionGuid = {23FC299C-D39F-496C-ACDB-61121682A70A}
	EndGlobalSection
EndGlobal
