
Microsoft Visual Studio Solution File, Format Version 12.00
# Visual Studio 15
VisualStudioVersion = 15.0.27130.2024
MinimumVisualStudioVersion = 10.0.40219.1
Project("{FAE04EC0-301F-11D3-BF4B-00C04F79EFBC}") = "Bridge", "Bridge.csproj", "{6A4F399C-DCB2-4F51-BC4A-1528485A0577}"
EndProject
Global
	GlobalSection(SolutionConfigurationPlatforms) = preSolution
		Debug|Any CPU = Debug|Any CPU
		Release|Any CPU = Release|Any CPU
	EndGlobalSection
	GlobalSection(ProjectConfigurationPlatforms) = postSolution
		{6A4F399C-DCB2-4F51-BC4A-1528485A0577}.Debug|Any CPU.ActiveCfg = Debug|Any CPU
		{6A4F399C-DCB2-4F51-BC4A-1528485A0577}.Debug|Any CPU.Build.0 = Debug|Any CPU
		{6A4F399C-DCB2-4F51-BC4A-1528485A0577}.Release|Any CPU.ActiveCfg = Release|Any CPU
		{6A4F399C-DCB2-4F51-BC4A-1528485A0577}.Release|Any CPU.Build.0 = Release|Any CPU
	EndGlobalSection
	GlobalSection(SolutionProperties) = preSolution
		HideSolutionNode = FALSE
	EndGlobalSection
	GlobalSection(ExtensibilityGlobals) = postSolution
		SolutionGuid = {44591DF8-53D9-41F6-9B11-1772E0053010}
	EndGlobalSection
EndGlobal
