
Microsoft Visual Studio Solution File, Format Version 12.00
# Visual Studio 15
VisualStudioVersion = 15.0.28010.2046
MinimumVisualStudioVersion = 10.0.40219.1
Project("{FAE04EC0-301F-11D3-BF4B-00C04F79EFBC}") = "RabinKarp", "RabinKarp.csproj", "{4A0417B3-3FAE-44FC-B088-0C915A999E17}"
EndProject
Global
	GlobalSection(SolutionConfigurationPlatforms) = preSolution
		Debug|Any CPU = Debug|Any CPU
		Release|Any CPU = Release|Any CPU
	EndGlobalSection
	GlobalSection(ProjectConfigurationPlatforms) = postSolution
		{4A0417B3-3FAE-44FC-B088-0C915A999E17}.Debug|Any CPU.ActiveCfg = Debug|Any CPU
		{4A0417B3-3FAE-44FC-B088-0C915A999E17}.Debug|Any CPU.Build.0 = Debug|Any CPU
		{4A0417B3-3FAE-44FC-B088-0C915A999E17}.Release|Any CPU.ActiveCfg = Release|Any CPU
		{4A0417B3-3FAE-44FC-B088-0C915A999E17}.Release|Any CPU.Build.0 = Release|Any CPU
	EndGlobalSection
	GlobalSection(SolutionProperties) = preSolution
		HideSolutionNode = FALSE
	EndGlobalSection
	GlobalSection(ExtensibilityGlobals) = postSolution
		SolutionGuid = {EADF5CA1-8CD7-4B7A-93C3-387B87498CEC}
	EndGlobalSection
EndGlobal
