
Microsoft Visual Studio Solution File, Format Version 12.00
# Visual Studio 15
VisualStudioVersion = 15.0.28010.2046
MinimumVisualStudioVersion = 10.0.40219.1
Project("{FAE04EC0-301F-11D3-BF4B-00C04F79EFBC}") = "OddOccurences", "OddOccurences.csproj", "{3785B50F-E52C-4588-9937-7D99524CB027}"
EndProject
Global
	GlobalSection(SolutionConfigurationPlatforms) = preSolution
		Debug|Any CPU = Debug|Any CPU
		Release|Any CPU = Release|Any CPU
	EndGlobalSection
	GlobalSection(ProjectConfigurationPlatforms) = postSolution
		{3785B50F-E52C-4588-9937-7D99524CB027}.Debug|Any CPU.ActiveCfg = Debug|Any CPU
		{3785B50F-E52C-4588-9937-7D99524CB027}.Debug|Any CPU.Build.0 = Debug|Any CPU
		{3785B50F-E52C-4588-9937-7D99524CB027}.Release|Any CPU.ActiveCfg = Release|Any CPU
		{3785B50F-E52C-4588-9937-7D99524CB027}.Release|Any CPU.Build.0 = Release|Any CPU
	EndGlobalSection
	GlobalSection(SolutionProperties) = preSolution
		HideSolutionNode = FALSE
	EndGlobalSection
	GlobalSection(ExtensibilityGlobals) = postSolution
		SolutionGuid = {7BD97E88-2209-4069-9C05-3C465FCA1B65}
	EndGlobalSection
EndGlobal
