
Microsoft Visual Studio Solution File, Format Version 12.00
# Visual Studio 15
VisualStudioVersion = 15.0.28010.2046
MinimumVisualStudioVersion = 10.0.40219.1
Project("{FAE04EC0-301F-11D3-BF4B-00C04F79EFBC}") = "RoomCleanRobot", "RoomCleanRobot.csproj", "{5D8F5A26-821F-49C0-934E-C9839B2BADFF}"
EndProject
Global
	GlobalSection(SolutionConfigurationPlatforms) = preSolution
		Debug|Any CPU = Debug|Any CPU
		Release|Any CPU = Release|Any CPU
	EndGlobalSection
	GlobalSection(ProjectConfigurationPlatforms) = postSolution
		{5D8F5A26-821F-49C0-934E-C9839B2BADFF}.Debug|Any CPU.ActiveCfg = Debug|Any CPU
		{5D8F5A26-821F-49C0-934E-C9839B2BADFF}.Debug|Any CPU.Build.0 = Debug|Any CPU
		{5D8F5A26-821F-49C0-934E-C9839B2BADFF}.Release|Any CPU.ActiveCfg = Release|Any CPU
		{5D8F5A26-821F-49C0-934E-C9839B2BADFF}.Release|Any CPU.Build.0 = Release|Any CPU
	EndGlobalSection
	GlobalSection(SolutionProperties) = preSolution
		HideSolutionNode = FALSE
	EndGlobalSection
	GlobalSection(ExtensibilityGlobals) = postSolution
		SolutionGuid = {B381788F-3182-4571-8E2C-4AF4A3F2575E}
	EndGlobalSection
EndGlobal
