
Microsoft Visual Studio Solution File, Format Version 12.00
# Visual Studio 15
VisualStudioVersion = 15.0.27130.2024
MinimumVisualStudioVersion = 10.0.40219.1
Project("{FAE04EC0-301F-11D3-BF4B-00C04F79EFBC}") = "Decorater", "Decorater.csproj", "{8F1A51AF-3CAB-40E6-B986-BC14CC02048D}"
EndProject
Global
	GlobalSection(SolutionConfigurationPlatforms) = preSolution
		Debug|Any CPU = Debug|Any CPU
		Release|Any CPU = Release|Any CPU
	EndGlobalSection
	GlobalSection(ProjectConfigurationPlatforms) = postSolution
		{8F1A51AF-3CAB-40E6-B986-BC14CC02048D}.Debug|Any CPU.ActiveCfg = Debug|Any CPU
		{8F1A51AF-3CAB-40E6-B986-BC14CC02048D}.Debug|Any CPU.Build.0 = Debug|Any CPU
		{8F1A51AF-3CAB-40E6-B986-BC14CC02048D}.Release|Any CPU.ActiveCfg = Release|Any CPU
		{8F1A51AF-3CAB-40E6-B986-BC14CC02048D}.Release|Any CPU.Build.0 = Release|Any CPU
	EndGlobalSection
	GlobalSection(SolutionProperties) = preSolution
		HideSolutionNode = FALSE
	EndGlobalSection
	GlobalSection(ExtensibilityGlobals) = postSolution
		SolutionGuid = {B08FF48F-18FC-4150-AEE1-DC5FC89E6B02}
	EndGlobalSection
EndGlobal
