
Microsoft Visual Studio Solution File, Format Version 12.00
# Visual Studio 15
VisualStudioVersion = 15.0.28010.2046
MinimumVisualStudioVersion = 10.0.40219.1
Project("{FAE04EC0-301F-11D3-BF4B-00C04F79EFBC}") = "SingleNumber", "SingleNumber.csproj", "{64D79157-5C63-4FA7-8E37-582A469D8941}"
EndProject
Global
	GlobalSection(SolutionConfigurationPlatforms) = preSolution
		Debug|Any CPU = Debug|Any CPU
		Release|Any CPU = Release|Any CPU
	EndGlobalSection
	GlobalSection(ProjectConfigurationPlatforms) = postSolution
		{64D79157-5C63-4FA7-8E37-582A469D8941}.Debug|Any CPU.ActiveCfg = Debug|Any CPU
		{64D79157-5C63-4FA7-8E37-582A469D8941}.Debug|Any CPU.Build.0 = Debug|Any CPU
		{64D79157-5C63-4FA7-8E37-582A469D8941}.Release|Any CPU.ActiveCfg = Release|Any CPU
		{64D79157-5C63-4FA7-8E37-582A469D8941}.Release|Any CPU.Build.0 = Release|Any CPU
	EndGlobalSection
	GlobalSection(SolutionProperties) = preSolution
		HideSolutionNode = FALSE
	EndGlobalSection
	GlobalSection(ExtensibilityGlobals) = postSolution
		SolutionGuid = {A53A23F0-921F-4D91-A8D3-BC48B0ADB494}
	EndGlobalSection
EndGlobal
