
Microsoft Visual Studio Solution File, Format Version 12.00
# Visual Studio 15
VisualStudioVersion = 15.0.27130.2024
MinimumVisualStudioVersion = 10.0.40219.1
Project("{FAE04EC0-301F-11D3-BF4B-00C04F79EFBC}") = "Strategy", "Strategy.csproj", "{1FAEDE38-6A41-4977-B411-3D90319ECB55}"
EndProject
Global
	GlobalSection(SolutionConfigurationPlatforms) = preSolution
		Debug|Any CPU = Debug|Any CPU
		Release|Any CPU = Release|Any CPU
	EndGlobalSection
	GlobalSection(ProjectConfigurationPlatforms) = postSolution
		{1FAEDE38-6A41-4977-B411-3D90319ECB55}.Debug|Any CPU.ActiveCfg = Debug|Any CPU
		{1FAEDE38-6A41-4977-B411-3D90319ECB55}.Debug|Any CPU.Build.0 = Debug|Any CPU
		{1FAEDE38-6A41-4977-B411-3D90319ECB55}.Release|Any CPU.ActiveCfg = Release|Any CPU
		{1FAEDE38-6A41-4977-B411-3D90319ECB55}.Release|Any CPU.Build.0 = Release|Any CPU
	EndGlobalSection
	GlobalSection(SolutionProperties) = preSolution
		HideSolutionNode = FALSE
	EndGlobalSection
	GlobalSection(ExtensibilityGlobals) = postSolution
		SolutionGuid = {AEFA168D-A386-4353-B513-C9CE77D9D3E3}
	EndGlobalSection
EndGlobal
