
Microsoft Visual Studio Solution File, Format Version 12.00
# Visual Studio 15
VisualStudioVersion = 15.0.28010.2046
MinimumVisualStudioVersion = 10.0.40219.1
Project("{FAE04EC0-301F-11D3-BF4B-00C04F79EFBC}") = "OpenTheLock", "OpenTheLock.csproj", "{7BC7991C-593D-4564-954A-14634277B11A}"
EndProject
Global
	GlobalSection(SolutionConfigurationPlatforms) = preSolution
		Debug|Any CPU = Debug|Any CPU
		Release|Any CPU = Release|Any CPU
	EndGlobalSection
	GlobalSection(ProjectConfigurationPlatforms) = postSolution
		{7BC7991C-593D-4564-954A-14634277B11A}.Debug|Any CPU.ActiveCfg = Debug|Any CPU
		{7BC7991C-593D-4564-954A-14634277B11A}.Debug|Any CPU.Build.0 = Debug|Any CPU
		{7BC7991C-593D-4564-954A-14634277B11A}.Release|Any CPU.ActiveCfg = Release|Any CPU
		{7BC7991C-593D-4564-954A-14634277B11A}.Release|Any CPU.Build.0 = Release|Any CPU
	EndGlobalSection
	GlobalSection(SolutionProperties) = preSolution
		HideSolutionNode = FALSE
	EndGlobalSection
	GlobalSection(ExtensibilityGlobals) = postSolution
		SolutionGuid = {778FB730-2292-4AC5-B2AE-9BC66A7D78A3}
	EndGlobalSection
EndGlobal
