
Microsoft Visual Studio Solution File, Format Version 12.00
# Visual Studio 15
VisualStudioVersion = 15.0.28010.2046
MinimumVisualStudioVersion = 10.0.40219.1
Project("{FAE04EC0-301F-11D3-BF4B-00C04F79EFBC}") = "SmallestPositiveNumber", "SmallestPositiveNumber.csproj", "{81F3C910-88F5-425D-8D2E-C46E9184B77F}"
EndProject
Global
	GlobalSection(SolutionConfigurationPlatforms) = preSolution
		Debug|Any CPU = Debug|Any CPU
		Release|Any CPU = Release|Any CPU
	EndGlobalSection
	GlobalSection(ProjectConfigurationPlatforms) = postSolution
		{81F3C910-88F5-425D-8D2E-C46E9184B77F}.Debug|Any CPU.ActiveCfg = Debug|Any CPU
		{81F3C910-88F5-425D-8D2E-C46E9184B77F}.Debug|Any CPU.Build.0 = Debug|Any CPU
		{81F3C910-88F5-425D-8D2E-C46E9184B77F}.Release|Any CPU.ActiveCfg = Release|Any CPU
		{81F3C910-88F5-425D-8D2E-C46E9184B77F}.Release|Any CPU.Build.0 = Release|Any CPU
	EndGlobalSection
	GlobalSection(SolutionProperties) = preSolution
		HideSolutionNode = FALSE
	EndGlobalSection
	GlobalSection(ExtensibilityGlobals) = postSolution
		SolutionGuid = {1A626C57-2E72-48C9-B11F-2ABB8BEDFF83}
	EndGlobalSection
EndGlobal
