
Microsoft Visual Studio Solution File, Format Version 12.00
# Visual Studio 15
VisualStudioVersion = 15.0.28010.2046
MinimumVisualStudioVersion = 10.0.40219.1
Project("{FAE04EC0-301F-11D3-BF4B-00C04F79EFBC}") = "ValidSudoko", "ValidSudoko.csproj", "{930C8520-A77C-441D-A4B8-12B2EACFED52}"
EndProject
Global
	GlobalSection(SolutionConfigurationPlatforms) = preSolution
		Debug|Any CPU = Debug|Any CPU
		Release|Any CPU = Release|Any CPU
	EndGlobalSection
	GlobalSection(ProjectConfigurationPlatforms) = postSolution
		{930C8520-A77C-441D-A4B8-12B2EACFED52}.Debug|Any CPU.ActiveCfg = Debug|Any CPU
		{930C8520-A77C-441D-A4B8-12B2EACFED52}.Debug|Any CPU.Build.0 = Debug|Any CPU
		{930C8520-A77C-441D-A4B8-12B2EACFED52}.Release|Any CPU.ActiveCfg = Release|Any CPU
		{930C8520-A77C-441D-A4B8-12B2EACFED52}.Release|Any CPU.Build.0 = Release|Any CPU
	EndGlobalSection
	GlobalSection(SolutionProperties) = preSolution
		HideSolutionNode = FALSE
	EndGlobalSection
	GlobalSection(ExtensibilityGlobals) = postSolution
		SolutionGuid = {F50B055C-E4AE-4BF7-A656-528D55B7B2AC}
	EndGlobalSection
EndGlobal
