
Microsoft Visual Studio Solution File, Format Version 12.00
# Visual Studio 15
VisualStudioVersion = 15.0.28010.2046
MinimumVisualStudioVersion = 10.0.40219.1
Project("{FAE04EC0-301F-11D3-BF4B-00C04F79EFBC}") = "WordSearchIIMicrosoft", "WordSearchIIMicrosoft.csproj", "{1C760928-426E-4399-BCE8-F8FA320E5550}"
EndProject
Global
	GlobalSection(SolutionConfigurationPlatforms) = preSolution
		Debug|Any CPU = Debug|Any CPU
		Release|Any CPU = Release|Any CPU
	EndGlobalSection
	GlobalSection(ProjectConfigurationPlatforms) = postSolution
		{1C760928-426E-4399-BCE8-F8FA320E5550}.Debug|Any CPU.ActiveCfg = Debug|Any CPU
		{1C760928-426E-4399-BCE8-F8FA320E5550}.Debug|Any CPU.Build.0 = Debug|Any CPU
		{1C760928-426E-4399-BCE8-F8FA320E5550}.Release|Any CPU.ActiveCfg = Release|Any CPU
		{1C760928-426E-4399-BCE8-F8FA320E5550}.Release|Any CPU.Build.0 = Release|Any CPU
	EndGlobalSection
	GlobalSection(SolutionProperties) = preSolution
		HideSolutionNode = FALSE
	EndGlobalSection
	GlobalSection(ExtensibilityGlobals) = postSolution
		SolutionGuid = {7E747AC7-E4A9-4FDC-A008-95C16FB4D291}
	EndGlobalSection
EndGlobal
