
Microsoft Visual Studio Solution File, Format Version 12.00
# Visual Studio 15
VisualStudioVersion = 15.0.27130.2024
MinimumVisualStudioVersion = 10.0.40219.1
Project("{F2A71F9B-5D33-465A-A702-920D77279786}") = "RTree2", "RTree2.fsproj", "{F58030BA-63DD-4F42-A39F-265DA28C5001}"
EndProject
Global
	GlobalSection(SolutionConfigurationPlatforms) = preSolution
		Debug|Any CPU = Debug|Any CPU
		Release|Any CPU = Release|Any CPU
	EndGlobalSection
	GlobalSection(ProjectConfigurationPlatforms) = postSolution
		{F58030BA-63DD-4F42-A39F-265DA28C5001}.Debug|Any CPU.ActiveCfg = Debug|Any CPU
		{F58030BA-63DD-4F42-A39F-265DA28C5001}.Debug|Any CPU.Build.0 = Debug|Any CPU
		{F58030BA-63DD-4F42-A39F-265DA28C5001}.Release|Any CPU.ActiveCfg = Release|Any CPU
		{F58030BA-63DD-4F42-A39F-265DA28C5001}.Release|Any CPU.Build.0 = Release|Any CPU
	EndGlobalSection
	GlobalSection(SolutionProperties) = preSolution
		HideSolutionNode = FALSE
	EndGlobalSection
	GlobalSection(ExtensibilityGlobals) = postSolution
		SolutionGuid = {5BB46242-2281-49B0-833C-9B7A5B143160}
	EndGlobalSection
EndGlobal
